
Microsoft Visual Studio Solution File, Format Version 12.00
# Visual Studio Version 16
VisualStudioVersion = 16.0.29905.134
MinimumVisualStudioVersion = 10.0.40219.1
Project("{FAE04EC0-301F-11D3-BF4B-00C04F79EFBC}") = "Module1Demo", "Module1Demo\Module1Demo.csproj", "{0F9F16FC-6BAF-4FF2-A343-94245B617C21}"
EndProject
Project("{FAE04EC0-301F-11D3-BF4B-00C04F79EFBC}") = "Module2Demo", "Module2Demo\Module2Demo.csproj", "{7A06BEB0-D95A-491A-93A8-A156EE891F1F}"
EndProject
Project("{FAE04EC0-301F-11D3-BF4B-00C04F79EFBC}") = "TPModule2", "TPModule2\TPModule2.csproj", "{72F35FFD-F886-4507-9B9C-29B3C91BDD06}"
EndProject
Project("{FAE04EC0-301F-11D3-BF4B-00C04F79EFBC}") = "TPModule3", "TPModule3\TPModule3.csproj", "{89DF5F94-714B-495F-9C4C-BA5FA0E45F79}"
EndProject
Project("{FAE04EC0-301F-11D3-BF4B-00C04F79EFBC}") = "Module4Demo", "Module4Demo\Module4Demo.csproj", "{FF595122-9B7E-4287-AB3D-961E2F5C274C}"
EndProject
Project("{FAE04EC0-301F-11D3-BF4B-00C04F79EFBC}") = "TPModule5-1", "TPModule5-1\TPModule5-1.csproj", "{69B7997B-03D6-45E0-9C68-B65E7628552C}"
EndProject
Project("{FAE04EC0-301F-11D3-BF4B-00C04F79EFBC}") = "TPModule5-2", "TPModule5-2\TPModule5-2.csproj", "{8C2221D1-E99E-409D-BAFC-24CCC6819866}"
EndProject
Project("{FAE04EC0-301F-11D3-BF4B-00C04F79EFBC}") = "TPModule5-2-BO", "TPModule5-2-BO\TPModule5-2-BO.csproj", "{6066EAAA-6025-49BC-A1F3-FC6447C42CD9}"
EndProject
Project("{FAE04EC0-301F-11D3-BF4B-00C04F79EFBC}") = "WebApplication1", "WebApplication1\WebApplication1.csproj", "{DBC07E75-526C-4383-9000-60391A6F4614}"
EndProject
Project("{FAE04EC0-301F-11D3-BF4B-00C04F79EFBC}") = "TPModule6-1", "TPModule6-1\TPModule6-1.csproj", "{7398A0E0-2E0C-4922-B205-0A8CDA9A3292}"
EndProject
Project("{FAE04EC0-301F-11D3-BF4B-00C04F79EFBC}") = "TPModule6-1-BO", "TPModule6-1-BO\TPModule6-1-BO.csproj", "{0BBA0441-0AB7-4112-946B-521C9CEC7367}"
EndProject
Global
	GlobalSection(SolutionConfigurationPlatforms) = preSolution
		Debug|Any CPU = Debug|Any CPU
		Release|Any CPU = Release|Any CPU
	EndGlobalSection
	GlobalSection(ProjectConfigurationPlatforms) = postSolution
		{0F9F16FC-6BAF-4FF2-A343-94245B617C21}.Debug|Any CPU.ActiveCfg = Debug|Any CPU
		{0F9F16FC-6BAF-4FF2-A343-94245B617C21}.Debug|Any CPU.Build.0 = Debug|Any CPU
		{0F9F16FC-6BAF-4FF2-A343-94245B617C21}.Release|Any CPU.ActiveCfg = Release|Any CPU
		{0F9F16FC-6BAF-4FF2-A343-94245B617C21}.Release|Any CPU.Build.0 = Release|Any CPU
		{7A06BEB0-D95A-491A-93A8-A156EE891F1F}.Debug|Any CPU.ActiveCfg = Debug|Any CPU
		{7A06BEB0-D95A-491A-93A8-A156EE891F1F}.Debug|Any CPU.Build.0 = Debug|Any CPU
		{7A06BEB0-D95A-491A-93A8-A156EE891F1F}.Release|Any CPU.ActiveCfg = Release|Any CPU
		{7A06BEB0-D95A-491A-93A8-A156EE891F1F}.Release|Any CPU.Build.0 = Release|Any CPU
		{72F35FFD-F886-4507-9B9C-29B3C91BDD06}.Debug|Any CPU.ActiveCfg = Debug|Any CPU
		{72F35FFD-F886-4507-9B9C-29B3C91BDD06}.Debug|Any CPU.Build.0 = Debug|Any CPU
		{72F35FFD-F886-4507-9B9C-29B3C91BDD06}.Release|Any CPU.ActiveCfg = Release|Any CPU
		{72F35FFD-F886-4507-9B9C-29B3C91BDD06}.Release|Any CPU.Build.0 = Release|Any CPU
		{89DF5F94-714B-495F-9C4C-BA5FA0E45F79}.Debug|Any CPU.ActiveCfg = Debug|Any CPU
		{89DF5F94-714B-495F-9C4C-BA5FA0E45F79}.Debug|Any CPU.Build.0 = Debug|Any CPU
		{89DF5F94-714B-495F-9C4C-BA5FA0E45F79}.Release|Any CPU.ActiveCfg = Release|Any CPU
		{89DF5F94-714B-495F-9C4C-BA5FA0E45F79}.Release|Any CPU.Build.0 = Release|Any CPU
		{FF595122-9B7E-4287-AB3D-961E2F5C274C}.Debug|Any CPU.ActiveCfg = Debug|Any CPU
		{FF595122-9B7E-4287-AB3D-961E2F5C274C}.Debug|Any CPU.Build.0 = Debug|Any CPU
		{FF595122-9B7E-4287-AB3D-961E2F5C274C}.Release|Any CPU.ActiveCfg = Release|Any CPU
		{FF595122-9B7E-4287-AB3D-961E2F5C274C}.Release|Any CPU.Build.0 = Release|Any CPU
		{69B7997B-03D6-45E0-9C68-B65E7628552C}.Debug|Any CPU.ActiveCfg = Debug|Any CPU
		{69B7997B-03D6-45E0-9C68-B65E7628552C}.Debug|Any CPU.Build.0 = Debug|Any CPU
		{69B7997B-03D6-45E0-9C68-B65E7628552C}.Release|Any CPU.ActiveCfg = Release|Any CPU
		{69B7997B-03D6-45E0-9C68-B65E7628552C}.Release|Any CPU.Build.0 = Release|Any CPU
		{8C2221D1-E99E-409D-BAFC-24CCC6819866}.Debug|Any CPU.ActiveCfg = Debug|Any CPU
		{8C2221D1-E99E-409D-BAFC-24CCC6819866}.Debug|Any CPU.Build.0 = Debug|Any CPU
		{8C2221D1-E99E-409D-BAFC-24CCC6819866}.Release|Any CPU.ActiveCfg = Release|Any CPU
		{8C2221D1-E99E-409D-BAFC-24CCC6819866}.Release|Any CPU.Build.0 = Release|Any CPU
		{6066EAAA-6025-49BC-A1F3-FC6447C42CD9}.Debug|Any CPU.ActiveCfg = Debug|Any CPU
		{6066EAAA-6025-49BC-A1F3-FC6447C42CD9}.Debug|Any CPU.Build.0 = Debug|Any CPU
		{6066EAAA-6025-49BC-A1F3-FC6447C42CD9}.Release|Any CPU.ActiveCfg = Release|Any CPU
		{6066EAAA-6025-49BC-A1F3-FC6447C42CD9}.Release|Any CPU.Build.0 = Release|Any CPU
		{DBC07E75-526C-4383-9000-60391A6F4614}.Debug|Any CPU.ActiveCfg = Debug|Any CPU
		{DBC07E75-526C-4383-9000-60391A6F4614}.Debug|Any CPU.Build.0 = Debug|Any CPU
		{DBC07E75-526C-4383-9000-60391A6F4614}.Release|Any CPU.ActiveCfg = Release|Any CPU
		{DBC07E75-526C-4383-9000-60391A6F4614}.Release|Any CPU.Build.0 = Release|Any CPU
		{7398A0E0-2E0C-4922-B205-0A8CDA9A3292}.Debug|Any CPU.ActiveCfg = Debug|Any CPU
		{7398A0E0-2E0C-4922-B205-0A8CDA9A3292}.Debug|Any CPU.Build.0 = Debug|Any CPU
		{7398A0E0-2E0C-4922-B205-0A8CDA9A3292}.Release|Any CPU.ActiveCfg = Release|Any CPU
		{7398A0E0-2E0C-4922-B205-0A8CDA9A3292}.Release|Any CPU.Build.0 = Release|Any CPU
		{0BBA0441-0AB7-4112-946B-521C9CEC7367}.Debug|Any CPU.ActiveCfg = Debug|Any CPU
		{0BBA0441-0AB7-4112-946B-521C9CEC7367}.Debug|Any CPU.Build.0 = Debug|Any CPU
		{0BBA0441-0AB7-4112-946B-521C9CEC7367}.Release|Any CPU.ActiveCfg = Release|Any CPU
		{0BBA0441-0AB7-4112-946B-521C9CEC7367}.Release|Any CPU.Build.0 = Release|Any CPU
	EndGlobalSection
	GlobalSection(SolutionProperties) = preSolution
		HideSolutionNode = FALSE
	EndGlobalSection
	GlobalSection(ExtensibilityGlobals) = postSolution
		SolutionGuid = {069A01E1-5219-47B3-877E-8235A5DA535A}
	EndGlobalSection
EndGlobal
